// !$*UTF8*$!
{
	archiveVersion = 1;
	classes = {
	};
	objectVersion = 90;
	objects = {

/* Begin PBXBuildFile section */
		D4CD11692FA0FFE400736CEE /* VoiceFlowKeyboard.appex in Embed Foundation Extensions */ = {isa = PBXBuildFile; fileRef = D4CD11622FA0FFE400736CEE /* VoiceFlowKeyboard.appex */; settings = {ATTRIBUTES = (RemoveHeadersOnCopy, ); }; };
/* End PBXBuildFile section */

/* Begin PBXContainerItemProxy section */
		D4CD11422FA0FF8E00736CEE /* PBXContainerItemProxy */ = {
			isa = PBXContainerItemProxy;
			containerPortal = D4CD112C2FA0FF8D00736CEE /* Project object */;
			proxyType = 1;
			remoteGlobalIDString = D4CD11332FA0FF8D00736CEE;
			remoteInfo = VoiceFlow;
		};
		D4CD114C2FA0FF8E00736CEE /* PBXContainerItemProxy */ = {
			isa = PBXContainerItemProxy;
			containerPortal = D4CD112C2FA0FF8D00736CEE /* Project object */;
			proxyType = 1;
			remoteGlobalIDString = D4CD11332FA0FF8D00736CEE;
			remoteInfo = VoiceFlow;
		};
		D4CD11672FA0FFE400736CEE /* PBXContainerItemProxy */ = {
			isa = PBXContainerItemProxy;
			containerPortal = D4CD112C2FA0FF8D00736CEE /* Project object */;
			proxyType = 1;
			remoteGlobalIDString = D4CD11612FA0FFE400736CEE;
			remoteInfo = VoiceFlowKeyboard;
		};
/* End PBXContainerItemProxy section */

/* Begin PBXCopyFilesBuildPhase section */
		D4CD116E2FA0FFE400736CEE /* Embed Foundation Extensions */ = {
			isa = PBXCopyFilesBuildPhase;
			dstPath = "";
			dstSubfolder = PlugIns;
			files = (
				D4CD11692FA0FFE400736CEE /* VoiceFlowKeyboard.appex in Embed Foundation Extensions */,
			);
			name = "Embed Foundation Extensions";
		};
/* End PBXCopyFilesBuildPhase section */

/* Begin PBXFileReference section */
		D4CD11342FA0FF8D00736CEE /* VoiceFlow.app */ = {isa = PBXFileReference; explicitFileType = wrapper.application; includeInIndex = 0; path = VoiceFlow.app; sourceTree = BUILT_PRODUCTS_DIR; };
		D4CD11412FA0FF8E00736CEE /* VoiceFlowTests.xctest */ = {isa = PBXFileReference; explicitFileType = wrapper.cfbundle; includeInIndex = 0; path = VoiceFlowTests.xctest; sourceTree = BUILT_PRODUCTS_DIR; };
		D4CD114B2FA0FF8E00736CEE /* VoiceFlowUITests.xctest */ = {isa = PBXFileReference; explicitFileType = wrapper.cfbundle; includeInIndex = 0; path = VoiceFlowUITests.xctest; sourceTree = BUILT_PRODUCTS_DIR; };
		D4CD11622FA0FFE400736CEE /* VoiceFlowKeyboard.appex */ = {isa = PBXFileReference; explicitFileType = "wrapper.app-extension"; includeInIndex = 0; path = VoiceFlowKeyboard.appex; sourceTree = BUILT_PRODUCTS_DIR; };
/* End PBXFileReference section */

/* Begin PBXFileSystemSynchronizedBuildFileExceptionSet section */
		D4CD116A2FA0FFE400736CEE /* Exceptions for "VoiceFlowKeyboard" folder in "VoiceFlowKeyboard" target */ = {
			isa = PBXFileSystemSynchronizedBuildFileExceptionSet;
			membershipExceptions = (
				Info.plist,
			);
			target = D4CD11612FA0FFE400736CEE /* VoiceFlowKeyboard */;
		};
/* End PBXFileSystemSynchronizedBuildFileExceptionSet section */

/* Begin PBXFileSystemSynchronizedRootGroup section */
		D4CD11362FA0FF8D00736CEE /* VoiceFlow */ = {
			isa = PBXFileSystemSynchronizedRootGroup;
			path = VoiceFlow;
			sourceTree = "<group>";
		};
		D4CD11442FA0FF8E00736CEE /* VoiceFlowTests */ = {
			isa = PBXFileSystemSynchronizedRootGroup;
			path = VoiceFlowTests;
			sourceTree = "<group>";
		};
		D4CD114E2FA0FF8E00736CEE /* VoiceFlowUITests */ = {
			isa = PBXFileSystemSynchronizedRootGroup;
			path = VoiceFlowUITests;
			sourceTree = "<group>";
		};
		D4CD11632FA0FFE400736CEE /* VoiceFlowKeyboard */ = {
			isa = PBXFileSystemSynchronizedRootGroup;
			exceptions = (
				D4CD116A2FA0FFE400736CEE /* Exceptions for "VoiceFlowKeyboard" folder in "VoiceFlowKeyboard" target */,
			);
			path = VoiceFlowKeyboard;
			sourceTree = "<group>";
		};
/* End PBXFileSystemSynchronizedRootGroup section */

/* Begin PBXFrameworksBuildPhase section */
		D4CD11312FA0FF8D00736CEE /* Frameworks */ = {
			isa = PBXFrameworksBuildPhase;
			files = (
			);
		};
		D4CD113E2FA0FF8E00736CEE /* Frameworks */ = {
			isa = PBXFrameworksBuildPhase;
			files = (
			);
		};
		D4CD11482FA0FF8E00736CEE /* Frameworks */ = {
			isa = PBXFrameworksBuildPhase;
			files = (
			);
		};
		D4CD115F2FA0FFE400736CEE /* Frameworks */ = {
			isa = PBXFrameworksBuildPhase;
			files = (
			);
		};
/* End PBXFrameworksBuildPhase section */

/* Begin PBXGroup section */
		D4CD112B2FA0FF8D00736CEE = {
			isa = PBXGroup;
			children = (
				D4CD11362FA0FF8D00736CEE /* VoiceFlow */,
				D4CD11442FA0FF8E00736CEE /* VoiceFlowTests */,
				D4CD114E2FA0FF8E00736CEE /* VoiceFlowUITests */,
				D4CD11632FA0FFE400736CEE /* VoiceFlowKeyboard */,
				D4CD11352FA0FF8D00736CEE /* Products */,
			);
			sourceTree = "<group>";
		};
		D4CD11352FA0FF8D00736CEE /* Products */ = {
			isa = PBXGroup;
			children = (
				D4CD11342FA0FF8D00736CEE /* VoiceFlow.app */,
				D4CD11412FA0FF8E00736CEE /* VoiceFlowTests.xctest */,
				D4CD114B2FA0FF8E00736CEE /* VoiceFlowUITests.xctest */,
				D4CD11622FA0FFE400736CEE /* VoiceFlowKeyboard.appex */,
			);
			name = Products;
			sourceTree = "<group>";
		};
/* End PBXGroup section */

/* Begin PBXNativeTarget section */
		D4CD11332FA0FF8D00736CEE /* VoiceFlow */ = {
			isa = PBXNativeTarget;
			buildConfigurationList = D4CD11552FA0FF8E00736CEE /* Build configuration list for PBXNativeTarget "VoiceFlow" */;
			buildPhases = (
				D4CD11302FA0FF8D00736CEE /* Sources */,
				D4CD11312FA0FF8D00736CEE /* Frameworks */,
				D4CD11322FA0FF8D00736CEE /* Resources */,
				D4CD116E2FA0FFE400736CEE /* Embed Foundation Extensions */,
			);
			buildRules = (
			);
			dependencies = (
				D4CD11682FA0FFE400736CEE /* PBXTargetDependency */,
			);
			fileSystemSynchronizedGroups = (
				D4CD11362FA0FF8D00736CEE /* VoiceFlow */,
			);
			name = VoiceFlow;
			productName = VoiceFlow;
			productReference = D4CD11342FA0FF8D00736CEE /* VoiceFlow.app */;
			productType = "com.apple.product-type.application";
		};
		D4CD11402FA0FF8E00736CEE /* VoiceFlowTests */ = {
			isa = PBXNativeTarget;
			buildConfigurationList = D4CD11582FA0FF8E00736CEE /* Build configuration list for PBXNativeTarget "VoiceFlowTests" */;
			buildPhases = (
				D4CD113D2FA0FF8E00736CEE /* Sources */,
				D4CD113E2FA0FF8E00736CEE /* Frameworks */,
				D4CD113F2FA0FF8E00736CEE /* Resources */,
			);
			buildRules = (
			);
			dependencies = (
				D4CD11432FA0FF8E00736CEE /* PBXTargetDependency */,
			);
			fileSystemSynchronizedGroups = (
				D4CD11442FA0FF8E00736CEE /* VoiceFlowTests */,
			);
			name = VoiceFlowTests;
			productName = VoiceFlowTests;
			productReference = D4CD11412FA0FF8E00736CEE /* VoiceFlowTests.xctest */;
			productType = "com.apple.product-type.bundle.unit-test";
		};
		D4CD114A2FA0FF8E00736CEE /* VoiceFlowUITests */ = {
			isa = PBXNativeTarget;
			buildConfigurationList = D4CD115B2FA0FF8E00736CEE /* Build configuration list for PBXNativeTarget "VoiceFlowUITests" */;
			buildPhases = (
				D4CD11472FA0FF8E00736CEE /* Sources */,
				D4CD11482FA0FF8E00736CEE /* Frameworks */,
				D4CD11492FA0FF8E00736CEE /* Resources */,
			);
			buildRules = (
			);
			dependencies = (
				D4CD114D2FA0FF8E00736CEE /* PBXTargetDependency */,
			);
			fileSystemSynchronizedGroups = (
				D4CD114E2FA0FF8E00736CEE /* VoiceFlowUITests */,
			);
			name = VoiceFlowUITests;
			productName = VoiceFlowUITests;
			productReference = D4CD114B2FA0FF8E00736CEE /* VoiceFlowUITests.xctest */;
			productType = "com.apple.product-type.bundle.ui-testing";
		};
		D4CD11612FA0FFE400736CEE /* VoiceFlowKeyboard */ = {
			isa = PBXNativeTarget;
			buildConfigurationList = D4CD116B2FA0FFE400736CEE /* Build configuration list for PBXNativeTarget "VoiceFlowKeyboard" */;
			buildPhases = (
				D4CD115E2FA0FFE400736CEE /* Sources */,
				D4CD115F2FA0FFE400736CEE /* Frameworks */,
				D4CD11602FA0FFE400736CEE /* Resources */,
			);
			buildRules = (
			);
			fileSystemSynchronizedGroups = (
				D4CD11632FA0FFE400736CEE /* VoiceFlowKeyboard */,
			);
			name = VoiceFlowKeyboard;
			productName = VoiceFlowKeyboard;
			productReference = D4CD11622FA0FFE400736CEE /* VoiceFlowKeyboard.appex */;
			productType = "com.apple.product-type.app-extension";
		};
/* End PBXNativeTarget section */

/* Begin PBXProject section */
		D4CD112C2FA0FF8D00736CEE /* Project object */ = {
			isa = PBXProject;
			attributes = {
				BuildIndependentTargetsInParallel = 1;
				LastSwiftUpdateCheck = 2640;
				LastUpgradeCheck = 2640;
				TargetAttributes = {
					D4CD11332FA0FF8D00736CEE = {
						CreatedOnToolsVersion = 26.4.1;
					};
					D4CD11402FA0FF8E00736CEE = {
						CreatedOnToolsVersion = 26.4.1;
						TestTargetID = D4CD11332FA0FF8D00736CEE;
					};
					D4CD114A2FA0FF8E00736CEE = {
						CreatedOnToolsVersion = 26.4.1;
						TestTargetID = D4CD11332FA0FF8D00736CEE;
					};
					D4CD11612FA0FFE400736CEE = {
						CreatedOnToolsVersion = 26.4.1;
					};
				};
			};
			buildConfigurationList = D4CD112F2FA0FF8D00736CEE /* Build configuration list for PBXProject "VoiceFlow" */;
			developmentRegion = en;
			hasScannedForEncodings = 0;
			knownRegions = (
				en,
				Base,
			);
			mainGroup = D4CD112B2FA0FF8D00736CEE;
			minimizedProjectReferenceProxies = 1;
			preferredProjectObjectVersion = 90;
			productRefGroup = D4CD11352FA0FF8D00736CEE /* Products */;
			projectDirPath = "";
			projectRoot = "";
			targets = (
				D4CD11332FA0FF8D00736CEE /* VoiceFlow */,
				D4CD11402FA0FF8E00736CEE /* VoiceFlowTests */,
				D4CD114A2FA0FF8E00736CEE /* VoiceFlowUITests */,
				D4CD11612FA0FFE400736CEE /* VoiceFlowKeyboard */,
			);
		};
/* End PBXProject section */

/* Begin PBXResourcesBuildPhase section */
		D4CD11322FA0FF8D00736CEE /* Resources */ = {
			isa = PBXResourcesBuildPhase;
			files = (
			);
		};
		D4CD113F2FA0FF8E00736CEE /* Resources */ = {
			isa = PBXResourcesBuildPhase;
			files = (
			);
		};
		D4CD11492FA0FF8E00736CEE /* Resources */ = {
			isa = PBXResourcesBuildPhase;
			files = (
			);
		};
		D4CD11602FA0FFE400736CEE /* Resources */ = {
			isa = PBXResourcesBuildPhase;
			files = (
			);
		};
/* End PBXResourcesBuildPhase section */

/* Begin PBXSourcesBuildPhase section */
		D4CD11302FA0FF8D00736CEE /* Sources */ = {
			isa = PBXSourcesBuildPhase;
			files = (
			);
		};
		D4CD113D2FA0FF8E00736CEE /* Sources */ = {
			isa = PBXSourcesBuildPhase;
			files = (
			);
		};
		D4CD11472FA0FF8E00736CEE /* Sources */ = {
			isa = PBXSourcesBuildPhase;
			files = (
			);
		};
		D4CD115E2FA0FFE400736CEE /* Sources */ = {
			isa = PBXSourcesBuildPhase;
			files = (
			);
		};
/* End PBXSourcesBuildPhase section */

/* Begin PBXTargetDependency section */
		D4CD11432FA0FF8E00736CEE /* PBXTargetDependency */ = {
			isa = PBXTargetDependency;
			target = D4CD11332FA0FF8D00736CEE /* VoiceFlow */;
			targetProxy = D4CD11422FA0FF8E00736CEE /* PBXContainerItemProxy */;
		};
		D4CD114D2FA0FF8E00736CEE /* PBXTargetDependency */ = {
			isa = PBXTargetDependency;
			target = D4CD11332FA0FF8D00736CEE /* VoiceFlow */;
			targetProxy = D4CD114C2FA0FF8E00736CEE /* PBXContainerItemProxy */;
		};
		D4CD11682FA0FFE400736CEE /* PBXTargetDependency */ = {
			isa = PBXTargetDependency;
			target = D4CD11612FA0FFE400736CEE /* VoiceFlowKeyboard */;
			targetProxy = D4CD11672FA0FFE400736CEE /* PBXContainerItemProxy */;
		};
/* End PBXTargetDependency section */

/* Begin XCBuildConfiguration section */
		D4CD11532FA0FF8E00736CEE /* Debug configuration for PBXProject "VoiceFlow" */ = {
			isa = XCBuildConfiguration;
			buildSettings = {
				ALWAYS_SEARCH_USER_PATHS = NO;
				ASSETCATALOG_COMPILER_GENERATE_SWIFT_ASSET_SYMBOL_EXTENSIONS = YES;
				CLANG_ANALYZER_NONNULL = YES;
				CLANG_ANALYZER_NUMBER_OBJECT_CONVERSION = YES_AGGRESSIVE;
				CLANG_CXX_LANGUAGE_STANDARD = "gnu++20";
				CLANG_ENABLE_MODULES = YES;
				CLANG_ENABLE_OBJC_ARC = YES;
				CLANG_ENABLE_OBJC_WEAK = YES;
				CLANG_WARN_BLOCK_CAPTURE_AUTORELEASING = YES;
				CLANG_WARN_BOOL_CONVERSION = YES;
				CLANG_WARN_COMMA = YES;
				CLANG_WARN_CONSTANT_CONVERSION = YES;
				CLANG_WARN_DEPRECATED_OBJC_IMPLEMENTATIONS = YES;
				CLANG_WARN_DIRECT_OBJC_ISA_USAGE = YES_ERROR;
				CLANG_WARN_DOCUMENTATION_COMMENTS = YES;
				CLANG_WARN_EMPTY_BODY = YES;
				CLANG_WARN_ENUM_CONVERSION = YES;
				CLANG_WARN_INFINITE_RECURSION = YES;
				CLANG_WARN_INT_CONVERSION = YES;
				CLANG_WARN_NON_LITERAL_NULL_CONVERSION = YES;
				CLANG_WARN_OBJC_IMPLICIT_RETAIN_SELF = YES;
				CLANG_WARN_OBJC_LITERAL_CONVERSION = YES;
				CLANG_WARN_OBJC_ROOT_CLASS = YES_ERROR;
				CLANG_WARN_QUOTED_INCLUDE_IN_FRAMEWORK_HEADER = YES;
				CLANG_WARN_RANGE_LOOP_ANALYSIS = YES;
				CLANG_WARN_STRICT_PROTOTYPES = YES;
				CLANG_WARN_SUSPICIOUS_MOVE = YES;
				CLANG_WARN_UNGUARDED_AVAILABILITY = YES_AGGRESSIVE;
				CLANG_WARN_UNREACHABLE_CODE = YES;
				CLANG_WARN__DUPLICATE_METHOD_MATCH = YES;
				COPY_PHASE_STRIP = NO;
				DEBUG_INFORMATION_FORMAT = dwarf;
				ENABLE_STRICT_OBJC_MSGSEND = YES;
				ENABLE_TESTABILITY = YES;
				ENABLE_USER_SCRIPT_SANDBOXING = YES;
				GCC_C_LANGUAGE_STANDARD = gnu17;
				GCC_DYNAMIC_NO_PIC = NO;
				GCC_NO_COMMON_BLOCKS = YES;
				GCC_OPTIMIZATION_LEVEL = 0;
				GCC_PREPROCESSOR_DEFINITIONS = (
					"DEBUG=1",
					"$(inherited)",
				);
				GCC_WARN_64_TO_32_BIT_CONVERSION = YES;
				GCC_WARN_ABOUT_RETURN_TYPE = YES_ERROR;
				GCC_WARN_UNDECLARED_SELECTOR = YES;
				GCC_WARN_UNINITIALIZED_AUTOS = YES_AGGRESSIVE;
				GCC_WARN_UNUSED_FUNCTION = YES;
				GCC_WARN_UNUSED_VARIABLE = YES;
				IPHONEOS_DEPLOYMENT_TARGET = 26.4;
				LOCALIZATION_PREFERS_STRING_CATALOGS = YES;
				MTL_ENABLE_DEBUG_INFO = INCLUDE_SOURCE;
				MTL_FAST_MATH = YES;
				ONLY_ACTIVE_ARCH = YES;
				SDKROOT = iphoneos;
				SWIFT_ACTIVE_COMPILATION_CONDITIONS = "DEBUG $(inherited)";
				SWIFT_OPTIMIZATION_LEVEL = "-Onone";
			};
			name = Debug;
		};
		D4CD11542FA0FF8E00736CEE /* Release configuration for PBXProject "VoiceFlow" */ = {
			isa = XCBuildConfiguration;
			buildSettings = {
				ALWAYS_SEARCH_USER_PATHS = NO;
				ASSETCATALOG_COMPILER_GENERATE_SWIFT_ASSET_SYMBOL_EXTENSIONS = YES;
				CLANG_ANALYZER_NONNULL = YES;
				CLANG_ANALYZER_NUMBER_OBJECT_CONVERSION = YES_AGGRESSIVE;
				CLANG_CXX_LANGUAGE_STANDARD = "gnu++20";
				CLANG_ENABLE_MODULES = YES;
				CLANG_ENABLE_OBJC_ARC = YES;
				CLANG_ENABLE_OBJC_WEAK = YES;
				CLANG_WARN_BLOCK_CAPTURE_AUTORELEASING = YES;
				CLANG_WARN_BOOL_CONVERSION = YES;
				CLANG_WARN_COMMA = YES;
				CLANG_WARN_CONSTANT_CONVERSION = YES;
				CLANG_WARN_DEPRECATED_OBJC_IMPLEMENTATIONS = YES;
				CLANG_WARN_DIRECT_OBJC_ISA_USAGE = YES_ERROR;
				CLANG_WARN_DOCUMENTATION_COMMENTS = YES;
				CLANG_WARN_EMPTY_BODY = YES;
				CLANG_WARN_ENUM_CONVERSION = YES;
				CLANG_WARN_INFINITE_RECURSION = YES;
				CLANG_WARN_INT_CONVERSION = YES;
				CLANG_WARN_NON_LITERAL_NULL_CONVERSION = YES;
				CLANG_WARN_OBJC_IMPLICIT_RETAIN_SELF = YES;
				CLANG_WARN_OBJC_LITERAL_CONVERSION = YES;
				CLANG_WARN_OBJC_ROOT_CLASS = YES_ERROR;
				CLANG_WARN_QUOTED_INCLUDE_IN_FRAMEWORK_HEADER = YES;
				CLANG_WARN_RANGE_LOOP_ANALYSIS = YES;
				CLANG_WARN_STRICT_PROTOTYPES = YES;
				CLANG_WARN_SUSPICIOUS_MOVE = YES;
				CLANG_WARN_UNGUARDED_AVAILABILITY = YES_AGGRESSIVE;
				CLANG_WARN_UNREACHABLE_CODE = YES;
				CLANG_WARN__DUPLICATE_METHOD_MATCH = YES;
				COPY_PHASE_STRIP = NO;
				DEBUG_INFORMATION_FORMAT = "dwarf-with-dsym";
				ENABLE_NS_ASSERTIONS = NO;
				ENABLE_STRICT_OBJC_MSGSEND = YES;
				ENABLE_USER_SCRIPT_SANDBOXING = YES;
				GCC_C_LANGUAGE_STANDARD = gnu17;
				GCC_NO_COMMON_BLOCKS = YES;
				GCC_WARN_64_TO_32_BIT_CONVERSION = YES;
				GCC_WARN_ABOUT_RETURN_TYPE = YES_ERROR;
				GCC_WARN_UNDECLARED_SELECTOR = YES;
				GCC_WARN_UNINITIALIZED_AUTOS = YES_AGGRESSIVE;
				GCC_WARN_UNUSED_FUNCTION = YES;
				GCC_WARN_UNUSED_VARIABLE = YES;
				IPHONEOS_DEPLOYMENT_TARGET = 26.4;
				LOCALIZATION_PREFERS_STRING_CATALOGS = YES;
				MTL_ENABLE_DEBUG_INFO = NO;
				MTL_FAST_MATH = YES;
				SDKROOT = iphoneos;
				SWIFT_COMPILATION_MODE = wholemodule;
				VALIDATE_PRODUCT = YES;
			};
			name = Release;
		};
		D4CD11562FA0FF8E00736CEE /* Debug configuration for PBXNativeTarget "VoiceFlow" */ = {
			isa = XCBuildConfiguration;
			buildSettings = {
				ASSETCATALOG_COMPILER_APPICON_NAME = AppIcon;
				ASSETCATALOG_COMPILER_GLOBAL_ACCENT_COLOR_NAME = AccentColor;
				CODE_SIGN_STYLE = Automatic;
				CURRENT_PROJECT_VERSION = 1;
				DEVELOPMENT_TEAM = A2W56RK8VG;
				ENABLE_PREVIEWS = YES;
				GENERATE_INFOPLIST_FILE = YES;
				INFOPLIST_KEY_UIApplicationSceneManifest_Generation = YES;
				INFOPLIST_KEY_UIApplicationSupportsIndirectInputEvents = YES;
				INFOPLIST_KEY_UILaunchScreen_Generation = YES;
				INFOPLIST_KEY_UISupportedInterfaceOrientations_iPad = "UIInterfaceOrientationPortrait UIInterfaceOrientationPortraitUpsideDown UIInterfaceOrientationLandscapeLeft UIInterfaceOrientationLandscapeRight";
				INFOPLIST_KEY_UISupportedInterfaceOrientations_iPhone = "UIInterfaceOrientationPortrait UIInterfaceOrientationLandscapeLeft UIInterfaceOrientationLandscapeRight";
				LD_RUNPATH_SEARCH_PATHS = (
					"$(inherited)",
					"@executable_path/Frameworks",
				);
				MARKETING_VERSION = 1.0;
				PRODUCT_BUNDLE_IDENTIFIER = me.tissanr.VoiceFlow;
				PRODUCT_NAME = "$(TARGET_NAME)";
				STRING_CATALOG_GENERATE_SYMBOLS = YES;
				SWIFT_APPROACHABLE_CONCURRENCY = YES;
				SWIFT_DEFAULT_ACTOR_ISOLATION = MainActor;
				SWIFT_EMIT_LOC_STRINGS = YES;
				SWIFT_UPCOMING_FEATURE_MEMBER_IMPORT_VISIBILITY = YES;
				SWIFT_VERSION = 5.0;
				TARGETED_DEVICE_FAMILY = "1,2";
			};
			name = Debug;
		};
		D4CD11572FA0FF8E00736CEE /* Release configuration for PBXNativeTarget "VoiceFlow" */ = {
			isa = XCBuildConfiguration;
			buildSettings = {
				ASSETCATALOG_COMPILER_APPICON_NAME = AppIcon;
				ASSETCATALOG_COMPILER_GLOBAL_ACCENT_COLOR_NAME = AccentColor;
				CODE_SIGN_STYLE = Automatic;
				CURRENT_PROJECT_VERSION = 1;
				DEVELOPMENT_TEAM = A2W56RK8VG;
				ENABLE_PREVIEWS = YES;
				GENERATE_INFOPLIST_FILE = YES;
				INFOPLIST_KEY_UIApplicationSceneManifest_Generation = YES;
				INFOPLIST_KEY_UIApplicationSupportsIndirectInputEvents = YES;
				INFOPLIST_KEY_UILaunchScreen_Generation = YES;
				INFOPLIST_KEY_UISupportedInterfaceOrientations_iPad = "UIInterfaceOrientationPortrait UIInterfaceOrientationPortraitUpsideDown UIInterfaceOrientationLandscapeLeft UIInterfaceOrientationLandscapeRight";
				INFOPLIST_KEY_UISupportedInterfaceOrientations_iPhone = "UIInterfaceOrientationPortrait UIInterfaceOrientationLandscapeLeft UIInterfaceOrientationLandscapeRight";
				LD_RUNPATH_SEARCH_PATHS = (
					"$(inherited)",
					"@executable_path/Frameworks",
				);
				MARKETING_VERSION = 1.0;
				PRODUCT_BUNDLE_IDENTIFIER = me.tissanr.VoiceFlow;
				PRODUCT_NAME = "$(TARGET_NAME)";
				STRING_CATALOG_GENERATE_SYMBOLS = YES;
				SWIFT_APPROACHABLE_CONCURRENCY = YES;
				SWIFT_DEFAULT_ACTOR_ISOLATION = MainActor;
				SWIFT_EMIT_LOC_STRINGS = YES;
				SWIFT_UPCOMING_FEATURE_MEMBER_IMPORT_VISIBILITY = YES;
				SWIFT_VERSION = 5.0;
				TARGETED_DEVICE_FAMILY = "1,2";
			};
			name = Release;
		};
		D4CD11592FA0FF8E00736CEE /* Debug configuration for PBXNativeTarget "VoiceFlowTests" */ = {
			isa = XCBuildConfiguration;
			buildSettings = {
				BUNDLE_LOADER = "$(TEST_HOST)";
				CODE_SIGN_STYLE = Automatic;
				CURRENT_PROJECT_VERSION = 1;
				DEVELOPMENT_TEAM = A2W56RK8VG;
				GENERATE_INFOPLIST_FILE = YES;
				IPHONEOS_DEPLOYMENT_TARGET = 26.4;
				MARKETING_VERSION = 1.0;
				PRODUCT_BUNDLE_IDENTIFIER = me.tissanr.VoiceFlowTests;
				PRODUCT_NAME = "$(TARGET_NAME)";
				STRING_CATALOG_GENERATE_SYMBOLS = NO;
				SWIFT_APPROACHABLE_CONCURRENCY = YES;
				SWIFT_EMIT_LOC_STRINGS = NO;
				SWIFT_UPCOMING_FEATURE_MEMBER_IMPORT_VISIBILITY = YES;
				SWIFT_VERSION = 5.0;
				TARGETED_DEVICE_FAMILY = "1,2";
				TEST_HOST = "$(BUILT_PRODUCTS_DIR)/VoiceFlow.app/$(BUNDLE_EXECUTABLE_FOLDER_PATH)/VoiceFlow";
			};
			name = Debug;
		};
		D4CD115A2FA0FF8E00736CEE /* Release configuration for PBXNativeTarget "VoiceFlowTests" */ = {
			isa = XCBuildConfiguration;
			buildSettings = {
				BUNDLE_LOADER = "$(TEST_HOST)";
				CODE_SIGN_STYLE = Automatic;
				CURRENT_PROJECT_VERSION = 1;
				DEVELOPMENT_TEAM = A2W56RK8VG;
				GENERATE_INFOPLIST_FILE = YES;
				IPHONEOS_DEPLOYMENT_TARGET = 26.4;
				MARKETING_VERSION = 1.0;
				PRODUCT_BUNDLE_IDENTIFIER = me.tissanr.VoiceFlowTests;
				PRODUCT_NAME = "$(TARGET_NAME)";
				STRING_CATALOG_GENERATE_SYMBOLS = NO;
				SWIFT_APPROACHABLE_CONCURRENCY = YES;
				SWIFT_EMIT_LOC_STRINGS = NO;
				SWIFT_UPCOMING_FEATURE_MEMBER_IMPORT_VISIBILITY = YES;
				SWIFT_VERSION = 5.0;
				TARGETED_DEVICE_FAMILY = "1,2";
				TEST_HOST = "$(BUILT_PRODUCTS_DIR)/VoiceFlow.app/$(BUNDLE_EXECUTABLE_FOLDER_PATH)/VoiceFlow";
			};
			name = Release;
		};
		D4CD115C2FA0FF8E00736CEE /* Debug configuration for PBXNativeTarget "VoiceFlowUITests" */ = {
			isa = XCBuildConfiguration;
			buildSettings = {
				CODE_SIGN_STYLE = Automatic;
				CURRENT_PROJECT_VERSION = 1;
				DEVELOPMENT_TEAM = A2W56RK8VG;
				GENERATE_INFOPLIST_FILE = YES;
				MARKETING_VERSION = 1.0;
				PRODUCT_BUNDLE_IDENTIFIER = me.tissanr.VoiceFlowUITests;
				PRODUCT_NAME = "$(TARGET_NAME)";
				STRING_CATALOG_GENERATE_SYMBOLS = NO;
				SWIFT_APPROACHABLE_CONCURRENCY = YES;
				SWIFT_EMIT_LOC_STRINGS = NO;
				SWIFT_UPCOMING_FEATURE_MEMBER_IMPORT_VISIBILITY = YES;
				SWIFT_VERSION = 5.0;
				TARGETED_DEVICE_FAMILY = "1,2";
				TEST_TARGET_NAME = VoiceFlow;
			};
			name = Debug;
		};
		D4CD115D2FA0FF8E00736CEE /* Release configuration for PBXNativeTarget "VoiceFlowUITests" */ = {
			isa = XCBuildConfiguration;
			buildSettings = {
				CODE_SIGN_STYLE = Automatic;
				CURRENT_PROJECT_VERSION = 1;
				DEVELOPMENT_TEAM = A2W56RK8VG;
				GENERATE_INFOPLIST_FILE = YES;
				MARKETING_VERSION = 1.0;
				PRODUCT_BUNDLE_IDENTIFIER = me.tissanr.VoiceFlowUITests;
				PRODUCT_NAME = "$(TARGET_NAME)";
				STRING_CATALOG_GENERATE_SYMBOLS = NO;
				SWIFT_APPROACHABLE_CONCURRENCY = YES;
				SWIFT_EMIT_LOC_STRINGS = NO;
				SWIFT_UPCOMING_FEATURE_MEMBER_IMPORT_VISIBILITY = YES;
				SWIFT_VERSION = 5.0;
				TARGETED_DEVICE_FAMILY = "1,2";
				TEST_TARGET_NAME = VoiceFlow;
			};
			name = Release;
		};
		D4CD116C2FA0FFE400736CEE /* Debug configuration for PBXNativeTarget "VoiceFlowKeyboard" */ = {
			isa = XCBuildConfiguration;
			buildSettings = {
				CODE_SIGN_STYLE = Automatic;
				CURRENT_PROJECT_VERSION = 1;
				DEVELOPMENT_TEAM = A2W56RK8VG;
				GENERATE_INFOPLIST_FILE = YES;
				INFOPLIST_FILE = VoiceFlowKeyboard/Info.plist;
				INFOPLIST_KEY_CFBundleDisplayName = VoiceFlowKeyboard;
				INFOPLIST_KEY_NSHumanReadableCopyright = "";
				LD_RUNPATH_SEARCH_PATHS = (
					"$(inherited)",
					"@executable_path/Frameworks",
					"@executable_path/../../Frameworks",
				);
				MARKETING_VERSION = 1.0;
				PRODUCT_BUNDLE_IDENTIFIER = me.tissanr.VoiceFlow.VoiceFlowKeyboard;
				PRODUCT_NAME = "$(TARGET_NAME)";
				SKIP_INSTALL = YES;
				STRING_CATALOG_GENERATE_SYMBOLS = YES;
				SWIFT_APPROACHABLE_CONCURRENCY = YES;
				SWIFT_EMIT_LOC_STRINGS = YES;
				SWIFT_UPCOMING_FEATURE_MEMBER_IMPORT_VISIBILITY = YES;
				SWIFT_VERSION = 5.0;
				TARGETED_DEVICE_FAMILY = "1,2";
			};
			name = Debug;
		};
		D4CD116D2FA0FFE400736CEE /* Release configuration for PBXNativeTarget "VoiceFlowKeyboard" */ = {
			isa = XCBuildConfiguration;
			buildSettings = {
				CODE_SIGN_STYLE = Automatic;
				CURRENT_PROJECT_VERSION = 1;
				DEVELOPMENT_TEAM = A2W56RK8VG;
				GENERATE_INFOPLIST_FILE = YES;
				INFOPLIST_FILE = VoiceFlowKeyboard/Info.plist;
				INFOPLIST_KEY_CFBundleDisplayName = VoiceFlowKeyboard;
				INFOPLIST_KEY_NSHumanReadableCopyright = "";
				LD_RUNPATH_SEARCH_PATHS = (
					"$(inherited)",
					"@executable_path/Frameworks",
					"@executable_path/../../Frameworks",
				);
				MARKETING_VERSION = 1.0;
				PRODUCT_BUNDLE_IDENTIFIER = me.tissanr.VoiceFlow.VoiceFlowKeyboard;
				PRODUCT_NAME = "$(TARGET_NAME)";
				SKIP_INSTALL = YES;
				STRING_CATALOG_GENERATE_SYMBOLS = YES;
				SWIFT_APPROACHABLE_CONCURRENCY = YES;
				SWIFT_EMIT_LOC_STRINGS = YES;
				SWIFT_UPCOMING_FEATURE_MEMBER_IMPORT_VISIBILITY = YES;
				SWIFT_VERSION = 5.0;
				TARGETED_DEVICE_FAMILY = "1,2";
			};
			name = Release;
		};
/* End XCBuildConfiguration section */

/* Begin XCConfigurationList section */
		D4CD112F2FA0FF8D00736CEE /* Build configuration list for PBXProject "VoiceFlow" */ = {
			isa = XCConfigurationList;
			buildConfigurations = (
				D4CD11532FA0FF8E00736CEE /* Debug configuration for PBXProject "VoiceFlow" */,
				D4CD11542FA0FF8E00736CEE /* Release configuration for PBXProject "VoiceFlow" */,
			);
			defaultConfigurationName = Release;
		};
		D4CD11552FA0FF8E00736CEE /* Build configuration list for PBXNativeTarget "VoiceFlow" */ = {
			isa = XCConfigurationList;
			buildConfigurations = (
				D4CD11562FA0FF8E00736CEE /* Debug configuration for PBXNativeTarget "VoiceFlow" */,
				D4CD11572FA0FF8E00736CEE /* Release configuration for PBXNativeTarget "VoiceFlow" */,
			);
			defaultConfigurationName = Release;
		};
		D4CD11582FA0FF8E00736CEE /* Build configuration list for PBXNativeTarget "VoiceFlowTests" */ = {
			isa = XCConfigurationList;
			buildConfigurations = (
				D4CD11592FA0FF8E00736CEE /* Debug configuration for PBXNativeTarget "VoiceFlowTests" */,
				D4CD115A2FA0FF8E00736CEE /* Release configuration for PBXNativeTarget "VoiceFlowTests" */,
			);
			defaultConfigurationName = Release;
		};
		D4CD115B2FA0FF8E00736CEE /* Build configuration list for PBXNativeTarget "VoiceFlowUITests" */ = {
			isa = XCConfigurationList;
			buildConfigurations = (
				D4CD115C2FA0FF8E00736CEE /* Debug configuration for PBXNativeTarget "VoiceFlowUITests" */,
				D4CD115D2FA0FF8E00736CEE /* Release configuration for PBXNativeTarget "VoiceFlowUITests" */,
			);
			defaultConfigurationName = Release;
		};
		D4CD116B2FA0FFE400736CEE /* Build configuration list for PBXNativeTarget "VoiceFlowKeyboard" */ = {
			isa = XCConfigurationList;
			buildConfigurations = (
				D4CD116C2FA0FFE400736CEE /* Debug configuration for PBXNativeTarget "VoiceFlowKeyboard" */,
				D4CD116D2FA0FFE400736CEE /* Release configuration for PBXNativeTarget "VoiceFlowKeyboard" */,
			);
			defaultConfigurationName = Release;
		};
/* End XCConfigurationList section */
	};
	rootObject = D4CD112C2FA0FF8D00736CEE /* Project object */;
}
